
Microsoft Visual Studio Solution File, Format Version 12.00
# Visual Studio Version 16
VisualStudioVersion = 16.0.31005.135
MinimumVisualStudioVersion = 10.0.40219.1
Project("{FAE04EC0-301F-11D3-BF4B-00C04F79EFBC}") = "Deliverable_One", "Deliverable_One\Deliverable_One.csproj", "{2D82CB8E-CF32-4CB8-BCC7-3074AF3C5163}"
EndProject
Global
	GlobalSection(SolutionConfigurationPlatforms) = preSolution
		Debug|Any CPU = Debug|Any CPU
		Release|Any CPU = Release|Any CPU
	EndGlobalSection
	GlobalSection(ProjectConfigurationPlatforms) = postSolution
		{2D82CB8E-CF32-4CB8-BCC7-3074AF3C5163}.Debug|Any CPU.ActiveCfg = Debug|Any CPU
		{2D82CB8E-CF32-4CB8-BCC7-3074AF3C5163}.Debug|Any CPU.Build.0 = Debug|Any CPU
		{2D82CB8E-CF32-4CB8-BCC7-3074AF3C5163}.Release|Any CPU.ActiveCfg = Release|Any CPU
		{2D82CB8E-CF32-4CB8-BCC7-3074AF3C5163}.Release|Any CPU.Build.0 = Release|Any CPU
	EndGlobalSection
	GlobalSection(SolutionProperties) = preSolution
		HideSolutionNode = FALSE
	EndGlobalSection
	GlobalSection(ExtensibilityGlobals) = postSolution
		SolutionGuid = {FDFF413B-705E-4932-847E-ECDFF7EF2CF7}
	EndGlobalSection
EndGlobal
